
Microsoft Visual Studio Solution File, Format Version 12.00
# Visual Studio Version 17
VisualStudioVersion = 17.0.31825.309
MinimumVisualStudioVersion = 10.0.40219.1
Project("{FAE04EC0-301F-11D3-BF4B-00C04F79EFBC}") = "Licznik", "Licznik.csproj", "{939F7D7F-C849-4CC0-AC97-FE3F82F62A8B}"
EndProject
Global
	GlobalSection(SolutionConfigurationPlatforms) = preSolution
		Debug|Any CPU = Debug|Any CPU
		Release|Any CPU = Release|Any CPU
	EndGlobalSection
	GlobalSection(ProjectConfigurationPlatforms) = postSolution
		{939F7D7F-C849-4CC0-AC97-FE3F82F62A8B}.Debug|Any CPU.ActiveCfg = Debug|Any CPU
		{939F7D7F-C849-4CC0-AC97-FE3F82F62A8B}.Debug|Any CPU.Build.0 = Debug|Any CPU
		{939F7D7F-C849-4CC0-AC97-FE3F82F62A8B}.Release|Any CPU.ActiveCfg = Release|Any CPU
		{939F7D7F-C849-4CC0-AC97-FE3F82F62A8B}.Release|Any CPU.Build.0 = Release|Any CPU
	EndGlobalSection
	GlobalSection(SolutionProperties) = preSolution
		HideSolutionNode = FALSE
	EndGlobalSection
	GlobalSection(ExtensibilityGlobals) = postSolution
		SolutionGuid = {4E9055B3-7D09-414F-B1E5-09683F7DDC0C}
	EndGlobalSection
EndGlobal
